# Projeto de teste do bloco 'mux2x1' - gerado por tools/novo-bloco.ps1
# Para mudar as dependencias, rode o script de novo com -Deps ... -Forcar
set_global_assignment -name FAMILY "Cyclone IV E"
set_global_assignment -name DEVICE EP4CE115F29C7
set_global_assignment -name TOP_LEVEL_ENTITY mux2x1
set_global_assignment -name BDF_FILE mux2x1.bdf
set_global_assignment -name PROJECT_OUTPUT_DIRECTORY output_files
