# Projeto de teste do bloco 'comparador_igual' (src/modules/comparadores/comparador_igual)
# Dependencias: Assignments > Settings > Libraries (linhas SEARCH_PATH)
set_global_assignment -name FAMILY "Cyclone IV E"
set_global_assignment -name DEVICE EP4CE115F29C7
set_global_assignment -name TOP_LEVEL_ENTITY comparador_igual
set_global_assignment -name BDF_FILE comparador_igual.bdf
set_global_assignment -name PROJECT_OUTPUT_DIRECTORY output_files
