# Projeto de teste do bloco 'op_xor'
# O circuito NAO fica aqui: ele esta na biblioteca, em lib/op_xor.bdf
# Editar o bloco por este projeto altera o arquivo da biblioteca.
# Esta pasta guarda so o que e do teste: projeto, tabela verdade e simulacao (op_xor.vwf)
set_global_assignment -name FAMILY "Cyclone IV E"
set_global_assignment -name DEVICE EP4CE115F29C7
set_global_assignment -name TOP_LEVEL_ENTITY op_xor
set_global_assignment -name BDF_FILE ../../lib/op_xor.bdf
set_global_assignment -name SEARCH_PATH ../../lib
set_global_assignment -name PROJECT_OUTPUT_DIRECTORY output_files
